// !$*UTF8*$!
{
	archiveVersion = 1;
	classes = {
	};
	objectVersion = 56;
	objects = {

/* Begin PBXBuildFile section */
		4A187EE42C0F06EE00F5C2EE /* AppDelegate.swift in Sources */ = {isa = PBXBuildFile; fileRef = 4A187EE32C0F06EE00F5C2EE /* AppDelegate.swift */; };
		4A187EE62C0F06EE00F5C2EE /* SceneDelegate.swift in Sources */ = {isa = PBXBuildFile; fileRef = 4A187EE52C0F06EE00F5C2EE /* SceneDelegate.swift */; };
		4A187EE82C0F06EE00F5C2EE /* ViewController.swift in Sources */ = {isa = PBXBuildFile; fileRef = 4A187EE72C0F06EE00F5C2EE /* ViewController.swift */; };
		4A187EED2C0F06EF00F5C2EE /* Assets.xcassets in Resources */ = {isa = PBXBuildFile; fileRef = 4A187EEC2C0F06EF00F5C2EE /* Assets.xcassets */; };
		4A187EF02C0F06EF00F5C2EE /* Base in Resources */ = {isa = PBXBuildFile; fileRef = 4A187EEF2C0F06EF00F5C2EE /* Base */; };
		4A9E41402C16843A00DE424A /* User.swift in Sources */ = {isa = PBXBuildFile; fileRef = 4A9E413F2C16843A00DE424A /* User.swift */; };
		4A9E41422C16843F00DE424A /* Plan.swift in Sources */ = {isa = PBXBuildFile; fileRef = 4A9E41412C16843F00DE424A /* Plan.swift */; };
		4A9E41442C16844C00DE424A /* MapInfo.swift in Sources */ = {isa = PBXBuildFile; fileRef = 4A9E41432C16844C00DE424A /* MapInfo.swift */; };
		4A9E41472C1687A300DE424A /* KakaoSDK in Frameworks */ = {isa = PBXBuildFile; productRef = 4A9E41462C1687A300DE424A /* KakaoSDK */; };
		4A9E414A2C1687E100DE424A /* FirebaseAuth in Frameworks */ = {isa = PBXBuildFile; productRef = 4A9E41492C1687E100DE424A /* FirebaseAuth */; };
		4A9E414C2C1687E100DE424A /* FirebaseFirestore in Frameworks */ = {isa = PBXBuildFile; productRef = 4A9E414B2C1687E100DE424A /* FirebaseFirestore */; };
		4A9E414E2C1687E100DE424A /* FirebaseFirestoreSwift in Frameworks */ = {isa = PBXBuildFile; productRef = 4A9E414D2C1687E100DE424A /* FirebaseFirestoreSwift */; };
		4A9E41502C168CEE00DE424A /* GoogleService-Info.plist in Resources */ = {isa = PBXBuildFile; fileRef = 4A9E414F2C168CEE00DE424A /* GoogleService-Info.plist */; };
		4A9E41522C16B40D00DE424A /* UserInfo.swift in Sources */ = {isa = PBXBuildFile; fileRef = 4A9E41512C16B40D00DE424A /* UserInfo.swift */; };
/* End PBXBuildFile section */

/* Begin PBXFileReference section */
		4A187EE02C0F06EE00F5C2EE /* Mokkoji.app */ = {isa = PBXFileReference; explicitFileType = wrapper.application; includeInIndex = 0; path = Mokkoji.app; sourceTree = BUILT_PRODUCTS_DIR; };
		4A187EE32C0F06EE00F5C2EE /* AppDelegate.swift */ = {isa = PBXFileReference; lastKnownFileType = sourcecode.swift; path = AppDelegate.swift; sourceTree = "<group>"; };
		4A187EE52C0F06EE00F5C2EE /* SceneDelegate.swift */ = {isa = PBXFileReference; lastKnownFileType = sourcecode.swift; path = SceneDelegate.swift; sourceTree = "<group>"; };
		4A187EE72C0F06EE00F5C2EE /* ViewController.swift */ = {isa = PBXFileReference; lastKnownFileType = sourcecode.swift; path = ViewController.swift; sourceTree = "<group>"; };
		4A187EEC2C0F06EF00F5C2EE /* Assets.xcassets */ = {isa = PBXFileReference; lastKnownFileType = folder.assetcatalog; path = Assets.xcassets; sourceTree = "<group>"; };
		4A187EEF2C0F06EF00F5C2EE /* Base */ = {isa = PBXFileReference; lastKnownFileType = file.storyboard; name = Base; path = Base.lproj/LaunchScreen.storyboard; sourceTree = "<group>"; };
		4A187EF12C0F06EF00F5C2EE /* Info.plist */ = {isa = PBXFileReference; lastKnownFileType = text.plist.xml; path = Info.plist; sourceTree = "<group>"; };
		4A9E413D2C167D6A00DE424A /* Config.xcconfig */ = {isa = PBXFileReference; lastKnownFileType = text.xcconfig; path = Config.xcconfig; sourceTree = "<group>"; };
		4A9E413F2C16843A00DE424A /* User.swift */ = {isa = PBXFileReference; lastKnownFileType = sourcecode.swift; path = User.swift; sourceTree = "<group>"; };
		4A9E41412C16843F00DE424A /* Plan.swift */ = {isa = PBXFileReference; lastKnownFileType = sourcecode.swift; path = Plan.swift; sourceTree = "<group>"; };
		4A9E41432C16844C00DE424A /* MapInfo.swift */ = {isa = PBXFileReference; lastKnownFileType = sourcecode.swift; path = MapInfo.swift; sourceTree = "<group>"; };
		4A9E414F2C168CEE00DE424A /* GoogleService-Info.plist */ = {isa = PBXFileReference; fileEncoding = 4; lastKnownFileType = text.plist.xml; path = "GoogleService-Info.plist"; sourceTree = "<group>"; };
		4A9E41512C16B40D00DE424A /* UserInfo.swift */ = {isa = PBXFileReference; lastKnownFileType = sourcecode.swift; path = UserInfo.swift; sourceTree = "<group>"; };
/* End PBXFileReference section */

/* Begin PBXFrameworksBuildPhase section */
		4A187EDD2C0F06EE00F5C2EE /* Frameworks */ = {
			isa = PBXFrameworksBuildPhase;
			buildActionMask = 2147483647;
			files = (
				4A9E41472C1687A300DE424A /* KakaoSDK in Frameworks */,
				4A9E414A2C1687E100DE424A /* FirebaseAuth in Frameworks */,
				4A9E414C2C1687E100DE424A /* FirebaseFirestore in Frameworks */,
				4A9E414E2C1687E100DE424A /* FirebaseFirestoreSwift in Frameworks */,
			);
			runOnlyForDeploymentPostprocessing = 0;
		};
/* End PBXFrameworksBuildPhase section */

/* Begin PBXGroup section */
		4A187ED72C0F06EE00F5C2EE = {
			isa = PBXGroup;
			children = (
				4A187EE22C0F06EE00F5C2EE /* Mokkoji */,
				4A187EE12C0F06EE00F5C2EE /* Products */,
			);
			sourceTree = "<group>";
		};
		4A187EE12C0F06EE00F5C2EE /* Products */ = {
			isa = PBXGroup;
			children = (
				4A187EE02C0F06EE00F5C2EE /* Mokkoji.app */,
			);
			name = Products;
			sourceTree = "<group>";
		};
		4A187EE22C0F06EE00F5C2EE /* Mokkoji */ = {
			isa = PBXGroup;
			children = (
				4A9E41512C16B40D00DE424A /* UserInfo.swift */,
				4A9E413E2C16842A00DE424A /* Model */,
				4A187EE32C0F06EE00F5C2EE /* AppDelegate.swift */,
				4A187EE52C0F06EE00F5C2EE /* SceneDelegate.swift */,
				4A187EE72C0F06EE00F5C2EE /* ViewController.swift */,
				4A187EEC2C0F06EF00F5C2EE /* Assets.xcassets */,
				4A187EEE2C0F06EF00F5C2EE /* LaunchScreen.storyboard */,
				4A187EF12C0F06EF00F5C2EE /* Info.plist */,
				4A9E414F2C168CEE00DE424A /* GoogleService-Info.plist */,
				4A9E413D2C167D6A00DE424A /* Config.xcconfig */,
			);
			path = Mokkoji;
			sourceTree = "<group>";
		};
		4A9E413E2C16842A00DE424A /* Model */ = {
			isa = PBXGroup;
			children = (
				4A9E413F2C16843A00DE424A /* User.swift */,
				4A9E41412C16843F00DE424A /* Plan.swift */,
				4A9E41432C16844C00DE424A /* MapInfo.swift */,
			);
			path = Model;
			sourceTree = "<group>";
		};
/* End PBXGroup section */

/* Begin PBXNativeTarget section */
		4A187EDF2C0F06EE00F5C2EE /* Mokkoji */ = {
			isa = PBXNativeTarget;
			buildConfigurationList = 4A187EF42C0F06EF00F5C2EE /* Build configuration list for PBXNativeTarget "Mokkoji" */;
			buildPhases = (
				4A187EDC2C0F06EE00F5C2EE /* Sources */,
				4A187EDD2C0F06EE00F5C2EE /* Frameworks */,
				4A187EDE2C0F06EE00F5C2EE /* Resources */,
			);
			buildRules = (
			);
			dependencies = (
			);
			name = Mokkoji;
			packageProductDependencies = (
				4A9E41462C1687A300DE424A /* KakaoSDK */,
				4A9E41492C1687E100DE424A /* FirebaseAuth */,
				4A9E414B2C1687E100DE424A /* FirebaseFirestore */,
				4A9E414D2C1687E100DE424A /* FirebaseFirestoreSwift */,
			);
			productName = Mokkoji;
			productReference = 4A187EE02C0F06EE00F5C2EE /* Mokkoji.app */;
			productType = "com.apple.product-type.application";
		};
/* End PBXNativeTarget section */

/* Begin PBXProject section */
		4A187ED82C0F06EE00F5C2EE /* Project object */ = {
			isa = PBXProject;
			attributes = {
				BuildIndependentTargetsInParallel = 1;
				LastSwiftUpdateCheck = 1540;
				LastUpgradeCheck = 1540;
				TargetAttributes = {
					4A187EDF2C0F06EE00F5C2EE = {
						CreatedOnToolsVersion = 15.4;
					};
				};
			};
			buildConfigurationList = 4A187EDB2C0F06EE00F5C2EE /* Build configuration list for PBXProject "Mokkoji" */;
			compatibilityVersion = "Xcode 14.0";
			developmentRegion = en;
			hasScannedForEncodings = 0;
			knownRegions = (
				en,
				Base,
			);
			mainGroup = 4A187ED72C0F06EE00F5C2EE;
			packageReferences = (
				4A9E41452C1687A300DE424A /* XCRemoteSwiftPackageReference "kakao-ios-sdk" */,
				4A9E41482C1687E100DE424A /* XCRemoteSwiftPackageReference "firebase-ios-sdk" */,
			);
			productRefGroup = 4A187EE12C0F06EE00F5C2EE /* Products */;
			projectDirPath = "";
			projectRoot = "";
			targets = (
				4A187EDF2C0F06EE00F5C2EE /* Mokkoji */,
			);
		};
/* End PBXProject section */

/* Begin PBXResourcesBuildPhase section */
		4A187EDE2C0F06EE00F5C2EE /* Resources */ = {
			isa = PBXResourcesBuildPhase;
			buildActionMask = 2147483647;
			files = (
				4A187EED2C0F06EF00F5C2EE /* Assets.xcassets in Resources */,
				4A187EF02C0F06EF00F5C2EE /* Base in Resources */,
				4A9E41502C168CEE00DE424A /* GoogleService-Info.plist in Resources */,
			);
			runOnlyForDeploymentPostprocessing = 0;
		};
/* End PBXResourcesBuildPhase section */

/* Begin PBXSourcesBuildPhase section */
		4A187EDC2C0F06EE00F5C2EE /* Sources */ = {
			isa = PBXSourcesBuildPhase;
			buildActionMask = 2147483647;
			files = (
				4A9E41442C16844C00DE424A /* MapInfo.swift in Sources */,
				4A9E41402C16843A00DE424A /* User.swift in Sources */,
				4A187EE82C0F06EE00F5C2EE /* ViewController.swift in Sources */,
				4A187EE42C0F06EE00F5C2EE /* AppDelegate.swift in Sources */,
				4A187EE62C0F06EE00F5C2EE /* SceneDelegate.swift in Sources */,
				4A9E41522C16B40D00DE424A /* UserInfo.swift in Sources */,
				4A9E41422C16843F00DE424A /* Plan.swift in Sources */,
			);
			runOnlyForDeploymentPostprocessing = 0;
		};
/* End PBXSourcesBuildPhase section */

/* Begin PBXVariantGroup section */
		4A187EEE2C0F06EF00F5C2EE /* LaunchScreen.storyboard */ = {
			isa = PBXVariantGroup;
			children = (
				4A187EEF2C0F06EF00F5C2EE /* Base */,
			);
			name = LaunchScreen.storyboard;
			sourceTree = "<group>";
		};
/* End PBXVariantGroup section */

/* Begin XCBuildConfiguration section */
		4A187EF22C0F06EF00F5C2EE /* Debug */ = {
			isa = XCBuildConfiguration;
			baseConfigurationReference = 4A9E413D2C167D6A00DE424A /* Config.xcconfig */;
			buildSettings = {
				ALWAYS_SEARCH_USER_PATHS = NO;
				ASSETCATALOG_COMPILER_GENERATE_SWIFT_ASSET_SYMBOL_EXTENSIONS = YES;
				CLANG_ANALYZER_NONNULL = YES;
				CLANG_ANALYZER_NUMBER_OBJECT_CONVERSION = YES_AGGRESSIVE;
				CLANG_CXX_LANGUAGE_STANDARD = "gnu++20";
				CLANG_ENABLE_MODULES = YES;
				CLANG_ENABLE_OBJC_ARC = YES;
				CLANG_ENABLE_OBJC_WEAK = YES;
				CLANG_WARN_BLOCK_CAPTURE_AUTORELEASING = YES;
				CLANG_WARN_BOOL_CONVERSION = YES;
				CLANG_WARN_COMMA = YES;
				CLANG_WARN_CONSTANT_CONVERSION = YES;
				CLANG_WARN_DEPRECATED_OBJC_IMPLEMENTATIONS = YES;
				CLANG_WARN_DIRECT_OBJC_ISA_USAGE = YES_ERROR;
				CLANG_WARN_DOCUMENTATION_COMMENTS = YES;
				CLANG_WARN_EMPTY_BODY = YES;
				CLANG_WARN_ENUM_CONVERSION = YES;
				CLANG_WARN_INFINITE_RECURSION = YES;
				CLANG_WARN_INT_CONVERSION = YES;
				CLANG_WARN_NON_LITERAL_NULL_CONVERSION = YES;
				CLANG_WARN_OBJC_IMPLICIT_RETAIN_SELF = YES;
				CLANG_WARN_OBJC_LITERAL_CONVERSION = YES;
				CLANG_WARN_OBJC_ROOT_CLASS = YES_ERROR;
				CLANG_WARN_QUOTED_INCLUDE_IN_FRAMEWORK_HEADER = YES;
				CLANG_WARN_RANGE_LOOP_ANALYSIS = YES;
				CLANG_WARN_STRICT_PROTOTYPES = YES;
				CLANG_WARN_SUSPICIOUS_MOVE = YES;
				CLANG_WARN_UNGUARDED_AVAILABILITY = YES_AGGRESSIVE;
				CLANG_WARN_UNREACHABLE_CODE = YES;
				CLANG_WARN__DUPLICATE_METHOD_MATCH = YES;
				COPY_PHASE_STRIP = NO;
				DEBUG_INFORMATION_FORMAT = dwarf;
				ENABLE_STRICT_OBJC_MSGSEND = YES;
				ENABLE_TESTABILITY = YES;
				ENABLE_USER_SCRIPT_SANDBOXING = YES;
				GCC_C_LANGUAGE_STANDARD = gnu17;
				GCC_DYNAMIC_NO_PIC = NO;
				GCC_NO_COMMON_BLOCKS = YES;
				GCC_OPTIMIZATION_LEVEL = 0;
				GCC_PREPROCESSOR_DEFINITIONS = (
					"DEBUG=1",
					"$(inherited)",
				);
				GCC_WARN_64_TO_32_BIT_CONVERSION = YES;
				GCC_WARN_ABOUT_RETURN_TYPE = YES_ERROR;
				GCC_WARN_UNDECLARED_SELECTOR = YES;
				GCC_WARN_UNINITIALIZED_AUTOS = YES_AGGRESSIVE;
				GCC_WARN_UNUSED_FUNCTION = YES;
				GCC_WARN_UNUSED_VARIABLE = YES;
				IPHONEOS_DEPLOYMENT_TARGET = 17.5;
				LOCALIZATION_PREFERS_STRING_CATALOGS = YES;
				MTL_ENABLE_DEBUG_INFO = INCLUDE_SOURCE;
				MTL_FAST_MATH = YES;
				ONLY_ACTIVE_ARCH = YES;
				SDKROOT = iphoneos;
				SWIFT_ACTIVE_COMPILATION_CONDITIONS = "DEBUG $(inherited)";
				SWIFT_OPTIMIZATION_LEVEL = "-Onone";
			};
			name = Debug;
		};
		4A187EF32C0F06EF00F5C2EE /* Release */ = {
			isa = XCBuildConfiguration;
			baseConfigurationReference = 4A9E413D2C167D6A00DE424A /* Config.xcconfig */;
			buildSettings = {
				ALWAYS_SEARCH_USER_PATHS = NO;
				ASSETCATALOG_COMPILER_GENERATE_SWIFT_ASSET_SYMBOL_EXTENSIONS = YES;
				CLANG_ANALYZER_NONNULL = YES;
				CLANG_ANALYZER_NUMBER_OBJECT_CONVERSION = YES_AGGRESSIVE;
				CLANG_CXX_LANGUAGE_STANDARD = "gnu++20";
				CLANG_ENABLE_MODULES = YES;
				CLANG_ENABLE_OBJC_ARC = YES;
				CLANG_ENABLE_OBJC_WEAK = YES;
				CLANG_WARN_BLOCK_CAPTURE_AUTORELEASING = YES;
				CLANG_WARN_BOOL_CONVERSION = YES;
				CLANG_WARN_COMMA = YES;
				CLANG_WARN_CONSTANT_CONVERSION = YES;
				CLANG_WARN_DEPRECATED_OBJC_IMPLEMENTATIONS = YES;
				CLANG_WARN_DIRECT_OBJC_ISA_USAGE = YES_ERROR;
				CLANG_WARN_DOCUMENTATION_COMMENTS = YES;
				CLANG_WARN_EMPTY_BODY = YES;
				CLANG_WARN_ENUM_CONVERSION = YES;
				CLANG_WARN_INFINITE_RECURSION = YES;
				CLANG_WARN_INT_CONVERSION = YES;
				CLANG_WARN_NON_LITERAL_NULL_CONVERSION = YES;
				CLANG_WARN_OBJC_IMPLICIT_RETAIN_SELF = YES;
				CLANG_WARN_OBJC_LITERAL_CONVERSION = YES;
				CLANG_WARN_OBJC_ROOT_CLASS = YES_ERROR;
				CLANG_WARN_QUOTED_INCLUDE_IN_FRAMEWORK_HEADER = YES;
				CLANG_WARN_RANGE_LOOP_ANALYSIS = YES;
				CLANG_WARN_STRICT_PROTOTYPES = YES;
				CLANG_WARN_SUSPICIOUS_MOVE = YES;
				CLANG_WARN_UNGUARDED_AVAILABILITY = YES_AGGRESSIVE;
				CLANG_WARN_UNREACHABLE_CODE = YES;
				CLANG_WARN__DUPLICATE_METHOD_MATCH = YES;
				COPY_PHASE_STRIP = NO;
				DEBUG_INFORMATION_FORMAT = "dwarf-with-dsym";
				ENABLE_NS_ASSERTIONS = NO;
				ENABLE_STRICT_OBJC_MSGSEND = YES;
				ENABLE_USER_SCRIPT_SANDBOXING = YES;
				GCC_C_LANGUAGE_STANDARD = gnu17;
				GCC_NO_COMMON_BLOCKS = YES;
				GCC_WARN_64_TO_32_BIT_CONVERSION = YES;
				GCC_WARN_ABOUT_RETURN_TYPE = YES_ERROR;
				GCC_WARN_UNDECLARED_SELECTOR = YES;
				GCC_WARN_UNINITIALIZED_AUTOS = YES_AGGRESSIVE;
				GCC_WARN_UNUSED_FUNCTION = YES;
				GCC_WARN_UNUSED_VARIABLE = YES;
				IPHONEOS_DEPLOYMENT_TARGET = 17.5;
				LOCALIZATION_PREFERS_STRING_CATALOGS = YES;
				MTL_ENABLE_DEBUG_INFO = NO;
				MTL_FAST_MATH = YES;
				SDKROOT = iphoneos;
				SWIFT_COMPILATION_MODE = wholemodule;
				VALIDATE_PRODUCT = YES;
			};
			name = Release;
		};
		4A187EF52C0F06EF00F5C2EE /* Debug */ = {
			isa = XCBuildConfiguration;
			baseConfigurationReference = 4A9E413D2C167D6A00DE424A /* Config.xcconfig */;
			buildSettings = {
				ASSETCATALOG_COMPILER_APPICON_NAME = AppIcon;
				ASSETCATALOG_COMPILER_GLOBAL_ACCENT_COLOR_NAME = AccentColor;
				CODE_SIGN_STYLE = Automatic;
				CURRENT_PROJECT_VERSION = 1;
				DEVELOPMENT_TEAM = 2TXBC7N5Q5;
				GENERATE_INFOPLIST_FILE = YES;
				INFOPLIST_FILE = Mokkoji/Info.plist;
				INFOPLIST_KEY_UIApplicationSupportsIndirectInputEvents = YES;
				INFOPLIST_KEY_UILaunchStoryboardName = LaunchScreen;
				INFOPLIST_KEY_UISupportedInterfaceOrientations_iPad = "UIInterfaceOrientationPortrait UIInterfaceOrientationPortraitUpsideDown UIInterfaceOrientationLandscapeLeft UIInterfaceOrientationLandscapeRight";
				INFOPLIST_KEY_UISupportedInterfaceOrientations_iPhone = "UIInterfaceOrientationPortrait UIInterfaceOrientationLandscapeLeft UIInterfaceOrientationLandscapeRight";
				LD_RUNPATH_SEARCH_PATHS = (
					"$(inherited)",
					"@executable_path/Frameworks",
				);
				MARKETING_VERSION = 1.0;
				PRODUCT_BUNDLE_IDENTIFIER = com.mokkoji.Mokkoji;
				PRODUCT_NAME = "$(TARGET_NAME)";
				SWIFT_EMIT_LOC_STRINGS = YES;
				SWIFT_VERSION = 5.0;
				TARGETED_DEVICE_FAMILY = "1,2";
			};
			name = Debug;
		};
		4A187EF62C0F06EF00F5C2EE /* Release */ = {
			isa = XCBuildConfiguration;
			baseConfigurationReference = 4A9E413D2C167D6A00DE424A /* Config.xcconfig */;
			buildSettings = {
				ASSETCATALOG_COMPILER_APPICON_NAME = AppIcon;
				ASSETCATALOG_COMPILER_GLOBAL_ACCENT_COLOR_NAME = AccentColor;
				CODE_SIGN_STYLE = Automatic;
				CURRENT_PROJECT_VERSION = 1;
				DEVELOPMENT_TEAM = 2TXBC7N5Q5;
				GENERATE_INFOPLIST_FILE = YES;
				INFOPLIST_FILE = Mokkoji/Info.plist;
				INFOPLIST_KEY_UIApplicationSupportsIndirectInputEvents = YES;
				INFOPLIST_KEY_UILaunchStoryboardName = LaunchScreen;
				INFOPLIST_KEY_UISupportedInterfaceOrientations_iPad = "UIInterfaceOrientationPortrait UIInterfaceOrientationPortraitUpsideDown UIInterfaceOrientationLandscapeLeft UIInterfaceOrientationLandscapeRight";
				INFOPLIST_KEY_UISupportedInterfaceOrientations_iPhone = "UIInterfaceOrientationPortrait UIInterfaceOrientationLandscapeLeft UIInterfaceOrientationLandscapeRight";
				LD_RUNPATH_SEARCH_PATHS = (
					"$(inherited)",
					"@executable_path/Frameworks",
				);
				MARKETING_VERSION = 1.0;
				PRODUCT_BUNDLE_IDENTIFIER = com.mokkoji.Mokkoji;
				PRODUCT_NAME = "$(TARGET_NAME)";
				SWIFT_EMIT_LOC_STRINGS = YES;
				SWIFT_VERSION = 5.0;
				TARGETED_DEVICE_FAMILY = "1,2";
			};
			name = Release;
		};
/* End XCBuildConfiguration section */

/* Begin XCConfigurationList section */
		4A187EDB2C0F06EE00F5C2EE /* Build configuration list for PBXProject "Mokkoji" */ = {
			isa = XCConfigurationList;
			buildConfigurations = (
				4A187EF22C0F06EF00F5C2EE /* Debug */,
				4A187EF32C0F06EF00F5C2EE /* Release */,
			);
			defaultConfigurationIsVisible = 0;
			defaultConfigurationName = Release;
		};
		4A187EF42C0F06EF00F5C2EE /* Build configuration list for PBXNativeTarget "Mokkoji" */ = {
			isa = XCConfigurationList;
			buildConfigurations = (
				4A187EF52C0F06EF00F5C2EE /* Debug */,
				4A187EF62C0F06EF00F5C2EE /* Release */,
			);
			defaultConfigurationIsVisible = 0;
			defaultConfigurationName = Release;
		};
/* End XCConfigurationList section */

/* Begin XCRemoteSwiftPackageReference section */
		4A9E41452C1687A300DE424A /* XCRemoteSwiftPackageReference "kakao-ios-sdk" */ = {
			isa = XCRemoteSwiftPackageReference;
			repositoryURL = "https://github.com/kakao/kakao-ios-sdk";
			requirement = {
				kind = upToNextMajorVersion;
				minimumVersion = 2.22.2;
			};
		};
		4A9E41482C1687E100DE424A /* XCRemoteSwiftPackageReference "firebase-ios-sdk" */ = {
			isa = XCRemoteSwiftPackageReference;
			repositoryURL = "https://github.com/firebase/firebase-ios-sdk";
			requirement = {
				kind = upToNextMajorVersion;
				minimumVersion = 10.27.0;
			};
		};
/* End XCRemoteSwiftPackageReference section */

/* Begin XCSwiftPackageProductDependency section */
		4A9E41462C1687A300DE424A /* KakaoSDK */ = {
			isa = XCSwiftPackageProductDependency;
			package = 4A9E41452C1687A300DE424A /* XCRemoteSwiftPackageReference "kakao-ios-sdk" */;
			productName = KakaoSDK;
		};
		4A9E41492C1687E100DE424A /* FirebaseAuth */ = {
			isa = XCSwiftPackageProductDependency;
			package = 4A9E41482C1687E100DE424A /* XCRemoteSwiftPackageReference "firebase-ios-sdk" */;
			productName = FirebaseAuth;
		};
		4A9E414B2C1687E100DE424A /* FirebaseFirestore */ = {
			isa = XCSwiftPackageProductDependency;
			package = 4A9E41482C1687E100DE424A /* XCRemoteSwiftPackageReference "firebase-ios-sdk" */;
			productName = FirebaseFirestore;
		};
		4A9E414D2C1687E100DE424A /* FirebaseFirestoreSwift */ = {
			isa = XCSwiftPackageProductDependency;
			package = 4A9E41482C1687E100DE424A /* XCRemoteSwiftPackageReference "firebase-ios-sdk" */;
			productName = FirebaseFirestoreSwift;
		};
/* End XCSwiftPackageProductDependency section */
	};
	rootObject = 4A187ED82C0F06EE00F5C2EE /* Project object */;
}
