// !$*UTF8*$!
{
	archiveVersion = 1;
	classes = {
	};
	objectVersion = 56;
	objects = {

/* Begin PBXBuildFile section */
		3B605C0F2C168E7200D3603C /* PmListViewController.swift in Sources */ = {isa = PBXBuildFile; fileRef = 3B605C0E2C168E7200D3603C /* PmListViewController.swift */; };
		3B605C122C16B7E300D3603C /* CustomTableViewCell.swift in Sources */ = {isa = PBXBuildFile; fileRef = 3B605C112C16B7E300D3603C /* CustomTableViewCell.swift */; };
		3B605C142C16C2C200D3603C /* PmDetailViewController.swift in Sources */ = {isa = PBXBuildFile; fileRef = 3B605C132C16C2C200D3603C /* PmDetailViewController.swift */; };
		3B605C162C16E28000D3603C /* MapViewController.swift in Sources */ = {isa = PBXBuildFile; fileRef = 3B605C152C16E28000D3603C /* MapViewController.swift */; };
		3B605C192C16E3A300D3603C /* KakaoMapsSDK-SPM in Frameworks */ = {isa = PBXBuildFile; productRef = 3B605C182C16E3A300D3603C /* KakaoMapsSDK-SPM */; };
		3B605C1E2C16F07200D3603C /* PmDetailViewCell.swift in Sources */ = {isa = PBXBuildFile; fileRef = 3B605C1D2C16F07200D3603C /* PmDetailViewCell.swift */; };
		3B7B45582C1817C300C8DEA2 /* InformationViewController.swift in Sources */ = {isa = PBXBuildFile; fileRef = 3B7B45572C1817C300C8DEA2 /* InformationViewController.swift */; };
		3B7B455E2C18518100C8DEA2 /* TestViewController.swift in Sources */ = {isa = PBXBuildFile; fileRef = 3B7B455D2C18518100C8DEA2 /* TestViewController.swift */; };
		4A0CAD0D2C193D3500F6EF87 /* Config.xcconfig in Resources */ = {isa = PBXBuildFile; fileRef = 4A0CAD0C2C193D3500F6EF87 /* Config.xcconfig */; };
		4A187EE42C0F06EE00F5C2EE /* AppDelegate.swift in Sources */ = {isa = PBXBuildFile; fileRef = 4A187EE32C0F06EE00F5C2EE /* AppDelegate.swift */; };
		4A187EE62C0F06EE00F5C2EE /* SceneDelegate.swift in Sources */ = {isa = PBXBuildFile; fileRef = 4A187EE52C0F06EE00F5C2EE /* SceneDelegate.swift */; };
		4A187EE82C0F06EE00F5C2EE /* ViewController.swift in Sources */ = {isa = PBXBuildFile; fileRef = 4A187EE72C0F06EE00F5C2EE /* ViewController.swift */; };
		4A187EED2C0F06EF00F5C2EE /* Assets.xcassets in Resources */ = {isa = PBXBuildFile; fileRef = 4A187EEC2C0F06EF00F5C2EE /* Assets.xcassets */; };
		4A187EF02C0F06EF00F5C2EE /* Base in Resources */ = {isa = PBXBuildFile; fileRef = 4A187EEF2C0F06EF00F5C2EE /* Base */; };
		4A21EDA12C1958390001470C /* AddPlanViewController.swift in Sources */ = {isa = PBXBuildFile; fileRef = 4A21ED9E2C1958390001470C /* AddPlanViewController.swift */; };
		4A21EDA22C1958390001470C /* InviteFriendViewController.swift in Sources */ = {isa = PBXBuildFile; fileRef = 4A21ED9F2C1958390001470C /* InviteFriendViewController.swift */; };
		4A9CECAA2C19432D00E0F029 /* GoogleSignIn in Frameworks */ = {isa = PBXBuildFile; productRef = 4A9CECA92C19432D00E0F029 /* GoogleSignIn */; };
		4A9CECAC2C19432D00E0F029 /* GoogleSignInSwift in Frameworks */ = {isa = PBXBuildFile; productRef = 4A9CECAB2C19432D00E0F029 /* GoogleSignInSwift */; };
		4A9CECAF2C19435400E0F029 /* FirebaseAuth in Frameworks */ = {isa = PBXBuildFile; productRef = 4A9CECAE2C19435400E0F029 /* FirebaseAuth */; };
		4A9CECB12C19435400E0F029 /* FirebaseFirestore in Frameworks */ = {isa = PBXBuildFile; productRef = 4A9CECB02C19435400E0F029 /* FirebaseFirestore */; };
		4A9CECB32C19435400E0F029 /* FirebaseFirestoreSwift in Frameworks */ = {isa = PBXBuildFile; productRef = 4A9CECB22C19435400E0F029 /* FirebaseFirestoreSwift */; };
		4A9CECB62C19435F00E0F029 /* KakaoSDK in Frameworks */ = {isa = PBXBuildFile; productRef = 4A9CECB52C19435F00E0F029 /* KakaoSDK */; };
		4A9E41402C16843A00DE424A /* User.swift in Sources */ = {isa = PBXBuildFile; fileRef = 4A9E413F2C16843A00DE424A /* User.swift */; };
		4A9E41422C16843F00DE424A /* Plan.swift in Sources */ = {isa = PBXBuildFile; fileRef = 4A9E41412C16843F00DE424A /* Plan.swift */; };
		4A9E41442C16844C00DE424A /* MapInfo.swift in Sources */ = {isa = PBXBuildFile; fileRef = 4A9E41432C16844C00DE424A /* MapInfo.swift */; };
		4A9E41522C16B40D00DE424A /* UserInfo.swift in Sources */ = {isa = PBXBuildFile; fileRef = 4A9E41512C16B40D00DE424A /* UserInfo.swift */; };
		4A9E415B2C18045300DE424A /* GoogleService-Info.plist in Resources */ = {isa = PBXBuildFile; fileRef = 4A9E415A2C18045300DE424A /* GoogleService-Info.plist */; };
		4A9E415D2C1884E900DE424A /* SignUpViewController.swift in Sources */ = {isa = PBXBuildFile; fileRef = 4A9E415C2C1884E900DE424A /* SignUpViewController.swift */; };
		5882714D2C1949EA006D65FB /* PlanListViewController.swift in Sources */ = {isa = PBXBuildFile; fileRef = 5882714C2C1949EA006D65FB /* PlanListViewController.swift */; };
		5882714F2C194A13006D65FB /* SearchResultsViewController.swift in Sources */ = {isa = PBXBuildFile; fileRef = 5882714E2C194A13006D65FB /* SearchResultsViewController.swift */; };
		C1B688462C180B5C00B76DCD /* ProfileViewController.swift in Sources */ = {isa = PBXBuildFile; fileRef = C1B688452C180B5C00B76DCD /* ProfileViewController.swift */; };
		C1B688482C180BBB00B76DCD /* AddFriendViewController.swift in Sources */ = {isa = PBXBuildFile; fileRef = C1B688472C180BBB00B76DCD /* AddFriendViewController.swift */; };
		C1B6884A2C180BFF00B76DCD /* ProfileEditViewController.swift in Sources */ = {isa = PBXBuildFile; fileRef = C1B688492C180BFF00B76DCD /* ProfileEditViewController.swift */; };
/* End PBXBuildFile section */

/* Begin PBXFileReference section */
		3B605C0E2C168E7200D3603C /* PmListViewController.swift */ = {isa = PBXFileReference; lastKnownFileType = sourcecode.swift; path = PmListViewController.swift; sourceTree = "<group>"; };
		3B605C112C16B7E300D3603C /* CustomTableViewCell.swift */ = {isa = PBXFileReference; lastKnownFileType = sourcecode.swift; path = CustomTableViewCell.swift; sourceTree = "<group>"; };
		3B605C132C16C2C200D3603C /* PmDetailViewController.swift */ = {isa = PBXFileReference; lastKnownFileType = sourcecode.swift; path = PmDetailViewController.swift; sourceTree = "<group>"; };
		3B605C152C16E28000D3603C /* MapViewController.swift */ = {isa = PBXFileReference; lastKnownFileType = sourcecode.swift; path = MapViewController.swift; sourceTree = "<group>"; };
		3B605C1D2C16F07200D3603C /* PmDetailViewCell.swift */ = {isa = PBXFileReference; lastKnownFileType = sourcecode.swift; path = PmDetailViewCell.swift; sourceTree = "<group>"; };
		3B7B45572C1817C300C8DEA2 /* InformationViewController.swift */ = {isa = PBXFileReference; lastKnownFileType = sourcecode.swift; path = InformationViewController.swift; sourceTree = "<group>"; };
		3B7B455D2C18518100C8DEA2 /* TestViewController.swift */ = {isa = PBXFileReference; lastKnownFileType = sourcecode.swift; path = TestViewController.swift; sourceTree = "<group>"; };
		4A0CAD0C2C193D3500F6EF87 /* Config.xcconfig */ = {isa = PBXFileReference; fileEncoding = 4; lastKnownFileType = text.xcconfig; path = Config.xcconfig; sourceTree = "<group>"; };
		4A187EE02C0F06EE00F5C2EE /* Mokkoji.app */ = {isa = PBXFileReference; explicitFileType = wrapper.application; includeInIndex = 0; path = Mokkoji.app; sourceTree = BUILT_PRODUCTS_DIR; };
		4A187EE32C0F06EE00F5C2EE /* AppDelegate.swift */ = {isa = PBXFileReference; lastKnownFileType = sourcecode.swift; path = AppDelegate.swift; sourceTree = "<group>"; };
		4A187EE52C0F06EE00F5C2EE /* SceneDelegate.swift */ = {isa = PBXFileReference; lastKnownFileType = sourcecode.swift; path = SceneDelegate.swift; sourceTree = "<group>"; };
		4A187EE72C0F06EE00F5C2EE /* ViewController.swift */ = {isa = PBXFileReference; lastKnownFileType = sourcecode.swift; path = ViewController.swift; sourceTree = "<group>"; };
		4A187EEC2C0F06EF00F5C2EE /* Assets.xcassets */ = {isa = PBXFileReference; lastKnownFileType = folder.assetcatalog; path = Assets.xcassets; sourceTree = "<group>"; };
		4A187EEF2C0F06EF00F5C2EE /* Base */ = {isa = PBXFileReference; lastKnownFileType = file.storyboard; name = Base; path = Base.lproj/LaunchScreen.storyboard; sourceTree = "<group>"; };
		4A187EF12C0F06EF00F5C2EE /* Info.plist */ = {isa = PBXFileReference; lastKnownFileType = text.plist.xml; path = Info.plist; sourceTree = "<group>"; };
		4A21ED9E2C1958390001470C /* AddPlanViewController.swift */ = {isa = PBXFileReference; fileEncoding = 4; lastKnownFileType = sourcecode.swift; path = AddPlanViewController.swift; sourceTree = "<group>"; };
		4A21ED9F2C1958390001470C /* InviteFriendViewController.swift */ = {isa = PBXFileReference; fileEncoding = 4; lastKnownFileType = sourcecode.swift; path = InviteFriendViewController.swift; sourceTree = "<group>"; };
		4A9E413F2C16843A00DE424A /* User.swift */ = {isa = PBXFileReference; lastKnownFileType = sourcecode.swift; path = User.swift; sourceTree = "<group>"; };
		4A9E41412C16843F00DE424A /* Plan.swift */ = {isa = PBXFileReference; lastKnownFileType = sourcecode.swift; path = Plan.swift; sourceTree = "<group>"; };
		4A9E41432C16844C00DE424A /* MapInfo.swift */ = {isa = PBXFileReference; lastKnownFileType = sourcecode.swift; path = MapInfo.swift; sourceTree = "<group>"; };
		4A9E41512C16B40D00DE424A /* UserInfo.swift */ = {isa = PBXFileReference; lastKnownFileType = sourcecode.swift; path = UserInfo.swift; sourceTree = "<group>"; };
		4A9E415A2C18045300DE424A /* GoogleService-Info.plist */ = {isa = PBXFileReference; fileEncoding = 4; lastKnownFileType = text.plist.xml; path = "GoogleService-Info.plist"; sourceTree = "<group>"; };
		4A9E415C2C1884E900DE424A /* SignUpViewController.swift */ = {isa = PBXFileReference; lastKnownFileType = sourcecode.swift; path = SignUpViewController.swift; sourceTree = "<group>"; };
		5882714C2C1949EA006D65FB /* PlanListViewController.swift */ = {isa = PBXFileReference; fileEncoding = 4; lastKnownFileType = sourcecode.swift; path = PlanListViewController.swift; sourceTree = "<group>"; };
		5882714E2C194A13006D65FB /* SearchResultsViewController.swift */ = {isa = PBXFileReference; fileEncoding = 4; lastKnownFileType = sourcecode.swift; path = SearchResultsViewController.swift; sourceTree = "<group>"; };
		C1B688452C180B5C00B76DCD /* ProfileViewController.swift */ = {isa = PBXFileReference; lastKnownFileType = sourcecode.swift; path = ProfileViewController.swift; sourceTree = "<group>"; };
		C1B688472C180BBB00B76DCD /* AddFriendViewController.swift */ = {isa = PBXFileReference; lastKnownFileType = sourcecode.swift; path = AddFriendViewController.swift; sourceTree = "<group>"; };
		C1B688492C180BFF00B76DCD /* ProfileEditViewController.swift */ = {isa = PBXFileReference; lastKnownFileType = sourcecode.swift; path = ProfileEditViewController.swift; sourceTree = "<group>"; };
/* End PBXFileReference section */

/* Begin PBXFrameworksBuildPhase section */
		4A187EDD2C0F06EE00F5C2EE /* Frameworks */ = {
			isa = PBXFrameworksBuildPhase;
			buildActionMask = 2147483647;
			files = (
				4A9CECAC2C19432D00E0F029 /* GoogleSignInSwift in Frameworks */,
				3B605C192C16E3A300D3603C /* KakaoMapsSDK-SPM in Frameworks */,
				4A9CECAA2C19432D00E0F029 /* GoogleSignIn in Frameworks */,
				4A9CECB12C19435400E0F029 /* FirebaseFirestore in Frameworks */,
				4A9CECAF2C19435400E0F029 /* FirebaseAuth in Frameworks */,
				4A9CECB32C19435400E0F029 /* FirebaseFirestoreSwift in Frameworks */,
				4A9CECB62C19435F00E0F029 /* KakaoSDK in Frameworks */,
			);
			runOnlyForDeploymentPostprocessing = 0;
		};
/* End PBXFrameworksBuildPhase section */

/* Begin PBXGroup section */
		3B605C072C168C1000D3603C /* View */ = {
			isa = PBXGroup;
			children = (
				4A21EDA02C1958390001470C /* AddView */,
				3B7B45602C1921AD00C8DEA2 /* ListView */,
				3B605C1B2C16EF8200D3603C /* DetailView */,
				3B605C1C2C16EF9800D3603C /* MapView */,
				3B7B455D2C18518100C8DEA2 /* TestViewController.swift */,
			);
			path = View;
			sourceTree = "<group>";
		};
		3B605C1B2C16EF8200D3603C /* DetailView */ = {
			isa = PBXGroup;
			children = (
				3B605C1D2C16F07200D3603C /* PmDetailViewCell.swift */,
				3B605C132C16C2C200D3603C /* PmDetailViewController.swift */,
				3B7B45572C1817C300C8DEA2 /* InformationViewController.swift */,
			);
			path = DetailView;
			sourceTree = "<group>";
		};
		3B605C1C2C16EF9800D3603C /* MapView */ = {
			isa = PBXGroup;
			children = (
				5882714E2C194A13006D65FB /* SearchResultsViewController.swift */,
				3B605C152C16E28000D3603C /* MapViewController.swift */,
			);
			path = MapView;
			sourceTree = "<group>";
		};
		3B7B45602C1921AD00C8DEA2 /* ListView */ = {
			isa = PBXGroup;
			children = (
				5882714C2C1949EA006D65FB /* PlanListViewController.swift */,
				3B605C112C16B7E300D3603C /* CustomTableViewCell.swift */,
				3B605C0E2C168E7200D3603C /* PmListViewController.swift */,
			);
			path = ListView;
			sourceTree = "<group>";
		};
		3B7B45612C1921C400C8DEA2 /* PlanListView */ = {
			isa = PBXGroup;
			children = (
				3B605C072C168C1000D3603C /* View */,
			);
			path = PlanListView;
			sourceTree = "<group>";
		};
		4A187ED72C0F06EE00F5C2EE = {
			isa = PBXGroup;
			children = (
				4A187EE22C0F06EE00F5C2EE /* Mokkoji */,
				4A187EE12C0F06EE00F5C2EE /* Products */,
			);
			sourceTree = "<group>";
		};
		4A187EE12C0F06EE00F5C2EE /* Products */ = {
			isa = PBXGroup;
			children = (
				4A187EE02C0F06EE00F5C2EE /* Mokkoji.app */,
			);
			name = Products;
			sourceTree = "<group>";
		};
		4A187EE22C0F06EE00F5C2EE /* Mokkoji */ = {
			isa = PBXGroup;
			children = (
				C1B6884B2C180F4F00B76DCD /* Profile */,
				4A9E41512C16B40D00DE424A /* UserInfo.swift */,
				4A9E413E2C16842A00DE424A /* Model */,
				4A187EE32C0F06EE00F5C2EE /* AppDelegate.swift */,
				4A187EE52C0F06EE00F5C2EE /* SceneDelegate.swift */,
				4A187EE72C0F06EE00F5C2EE /* ViewController.swift */,
				4A9E415C2C1884E900DE424A /* SignUpViewController.swift */,
				3B7B45612C1921C400C8DEA2 /* PlanListView */,
				4A187EEC2C0F06EF00F5C2EE /* Assets.xcassets */,
				4A187EEE2C0F06EF00F5C2EE /* LaunchScreen.storyboard */,
				4A187EF12C0F06EF00F5C2EE /* Info.plist */,
				4A9E415A2C18045300DE424A /* GoogleService-Info.plist */,
				4A0CAD0C2C193D3500F6EF87 /* Config.xcconfig */,
			);
			path = Mokkoji;
			sourceTree = "<group>";
		};
		4A21EDA02C1958390001470C /* AddView */ = {
			isa = PBXGroup;
			children = (
				4A21ED9E2C1958390001470C /* AddPlanViewController.swift */,
				4A21ED9F2C1958390001470C /* InviteFriendViewController.swift */,
			);
			path = AddView;
			sourceTree = "<group>";
		};
		4A9E413E2C16842A00DE424A /* Model */ = {
			isa = PBXGroup;
			children = (
				4A9E413F2C16843A00DE424A /* User.swift */,
				4A9E41412C16843F00DE424A /* Plan.swift */,
				4A9E41432C16844C00DE424A /* MapInfo.swift */,
			);
			path = Model;
			sourceTree = "<group>";
		};
		C1B6884B2C180F4F00B76DCD /* Profile */ = {
			isa = PBXGroup;
			children = (
				C1B688452C180B5C00B76DCD /* ProfileViewController.swift */,
				C1B688492C180BFF00B76DCD /* ProfileEditViewController.swift */,
				C1B688472C180BBB00B76DCD /* AddFriendViewController.swift */,
			);
			path = Profile;
			sourceTree = "<group>";
		};
/* End PBXGroup section */

/* Begin PBXNativeTarget section */
		4A187EDF2C0F06EE00F5C2EE /* Mokkoji */ = {
			isa = PBXNativeTarget;
			buildConfigurationList = 4A187EF42C0F06EF00F5C2EE /* Build configuration list for PBXNativeTarget "Mokkoji" */;
			buildPhases = (
				4A187EDC2C0F06EE00F5C2EE /* Sources */,
				4A187EDD2C0F06EE00F5C2EE /* Frameworks */,
				4A187EDE2C0F06EE00F5C2EE /* Resources */,
			);
			buildRules = (
			);
			dependencies = (
			);
			name = Mokkoji;
			packageProductDependencies = (
				4A9CECA92C19432D00E0F029 /* GoogleSignIn */,
				4A9CECAB2C19432D00E0F029 /* GoogleSignInSwift */,
				4A9CECAE2C19435400E0F029 /* FirebaseAuth */,
				4A9CECB02C19435400E0F029 /* FirebaseFirestore */,
				4A9CECB22C19435400E0F029 /* FirebaseFirestoreSwift */,
				4A9CECB52C19435F00E0F029 /* KakaoSDK */,
			);
			productName = Mokkoji;
			productReference = 4A187EE02C0F06EE00F5C2EE /* Mokkoji.app */;
			productType = "com.apple.product-type.application";
		};
/* End PBXNativeTarget section */

/* Begin PBXProject section */
		4A187ED82C0F06EE00F5C2EE /* Project object */ = {
			isa = PBXProject;
			attributes = {
				BuildIndependentTargetsInParallel = 1;
				LastSwiftUpdateCheck = 1540;
				LastUpgradeCheck = 1540;
				TargetAttributes = {
					4A187EDF2C0F06EE00F5C2EE = {
						CreatedOnToolsVersion = 15.4;
					};
				};
			};
			buildConfigurationList = 4A187EDB2C0F06EE00F5C2EE /* Build configuration list for PBXProject "Mokkoji" */;
			compatibilityVersion = "Xcode 14.0";
			developmentRegion = en;
			hasScannedForEncodings = 0;
			knownRegions = (
				en,
				Base,
			);
			mainGroup = 4A187ED72C0F06EE00F5C2EE;
			packageReferences = (
				3B605C172C16E3A300D3603C /* XCRemoteSwiftPackageReference "KakaoMapsSDK-SPM" */,
				4A9CECA82C19432D00E0F029 /* XCRemoteSwiftPackageReference "GoogleSignIn-iOS" */,
				4A9CECAD2C19435400E0F029 /* XCRemoteSwiftPackageReference "firebase-ios-sdk" */,
				4A9CECB42C19435F00E0F029 /* XCRemoteSwiftPackageReference "kakao-ios-sdk" */,
			);
			productRefGroup = 4A187EE12C0F06EE00F5C2EE /* Products */;
			projectDirPath = "";
			projectRoot = "";
			targets = (
				4A187EDF2C0F06EE00F5C2EE /* Mokkoji */,
			);
		};
/* End PBXProject section */

/* Begin PBXResourcesBuildPhase section */
		4A187EDE2C0F06EE00F5C2EE /* Resources */ = {
			isa = PBXResourcesBuildPhase;
			buildActionMask = 2147483647;
			files = (
				4A187EED2C0F06EF00F5C2EE /* Assets.xcassets in Resources */,
				4A0CAD0D2C193D3500F6EF87 /* Config.xcconfig in Resources */,
				4A187EF02C0F06EF00F5C2EE /* Base in Resources */,
				4A9E415B2C18045300DE424A /* GoogleService-Info.plist in Resources */,
			);
			runOnlyForDeploymentPostprocessing = 0;
		};
/* End PBXResourcesBuildPhase section */

/* Begin PBXSourcesBuildPhase section */
		4A187EDC2C0F06EE00F5C2EE /* Sources */ = {
			isa = PBXSourcesBuildPhase;
			buildActionMask = 2147483647;
			files = (
				C1B688482C180BBB00B76DCD /* AddFriendViewController.swift in Sources */,
				C1B6884A2C180BFF00B76DCD /* ProfileEditViewController.swift in Sources */,
				3B605C142C16C2C200D3603C /* PmDetailViewController.swift in Sources */,
				4A9E41442C16844C00DE424A /* MapInfo.swift in Sources */,
				4A21EDA22C1958390001470C /* InviteFriendViewController.swift in Sources */,
				4A9E41402C16843A00DE424A /* User.swift in Sources */,
				4A9E415D2C1884E900DE424A /* SignUpViewController.swift in Sources */,
				3B605C1E2C16F07200D3603C /* PmDetailViewCell.swift in Sources */,
				3B605C162C16E28000D3603C /* MapViewController.swift in Sources */,
				4A21EDA12C1958390001470C /* AddPlanViewController.swift in Sources */,
				3B7B455E2C18518100C8DEA2 /* TestViewController.swift in Sources */,
				5882714F2C194A13006D65FB /* SearchResultsViewController.swift in Sources */,
				3B605C122C16B7E300D3603C /* CustomTableViewCell.swift in Sources */,
				4A187EE82C0F06EE00F5C2EE /* ViewController.swift in Sources */,
				4A187EE42C0F06EE00F5C2EE /* AppDelegate.swift in Sources */,
				C1B688462C180B5C00B76DCD /* ProfileViewController.swift in Sources */,
				4A187EE62C0F06EE00F5C2EE /* SceneDelegate.swift in Sources */,
				5882714D2C1949EA006D65FB /* PlanListViewController.swift in Sources */,
				4A9E41522C16B40D00DE424A /* UserInfo.swift in Sources */,
				3B605C0F2C168E7200D3603C /* PmListViewController.swift in Sources */,
				4A9E41422C16843F00DE424A /* Plan.swift in Sources */,
				3B7B45582C1817C300C8DEA2 /* InformationViewController.swift in Sources */,
			);
			runOnlyForDeploymentPostprocessing = 0;
		};
/* End PBXSourcesBuildPhase section */

/* Begin PBXVariantGroup section */
		4A187EEE2C0F06EF00F5C2EE /* LaunchScreen.storyboard */ = {
			isa = PBXVariantGroup;
			children = (
				4A187EEF2C0F06EF00F5C2EE /* Base */,
			);
			name = LaunchScreen.storyboard;
			sourceTree = "<group>";
		};
/* End PBXVariantGroup section */

/* Begin XCBuildConfiguration section */
		4A187EF22C0F06EF00F5C2EE /* Debug */ = {
			isa = XCBuildConfiguration;
			baseConfigurationReference = 4A0CAD0C2C193D3500F6EF87 /* Config.xcconfig */;
			buildSettings = {
				ALWAYS_SEARCH_USER_PATHS = NO;
				ASSETCATALOG_COMPILER_GENERATE_SWIFT_ASSET_SYMBOL_EXTENSIONS = YES;
				CLANG_ANALYZER_NONNULL = YES;
				CLANG_ANALYZER_NUMBER_OBJECT_CONVERSION = YES_AGGRESSIVE;
				CLANG_CXX_LANGUAGE_STANDARD = "gnu++20";
				CLANG_ENABLE_MODULES = YES;
				CLANG_ENABLE_OBJC_ARC = YES;
				CLANG_ENABLE_OBJC_WEAK = YES;
				CLANG_WARN_BLOCK_CAPTURE_AUTORELEASING = YES;
				CLANG_WARN_BOOL_CONVERSION = YES;
				CLANG_WARN_COMMA = YES;
				CLANG_WARN_CONSTANT_CONVERSION = YES;
				CLANG_WARN_DEPRECATED_OBJC_IMPLEMENTATIONS = YES;
				CLANG_WARN_DIRECT_OBJC_ISA_USAGE = YES_ERROR;
				CLANG_WARN_DOCUMENTATION_COMMENTS = YES;
				CLANG_WARN_EMPTY_BODY = YES;
				CLANG_WARN_ENUM_CONVERSION = YES;
				CLANG_WARN_INFINITE_RECURSION = YES;
				CLANG_WARN_INT_CONVERSION = YES;
				CLANG_WARN_NON_LITERAL_NULL_CONVERSION = YES;
				CLANG_WARN_OBJC_IMPLICIT_RETAIN_SELF = YES;
				CLANG_WARN_OBJC_LITERAL_CONVERSION = YES;
				CLANG_WARN_OBJC_ROOT_CLASS = YES_ERROR;
				CLANG_WARN_QUOTED_INCLUDE_IN_FRAMEWORK_HEADER = YES;
				CLANG_WARN_RANGE_LOOP_ANALYSIS = YES;
				CLANG_WARN_STRICT_PROTOTYPES = YES;
				CLANG_WARN_SUSPICIOUS_MOVE = YES;
				CLANG_WARN_UNGUARDED_AVAILABILITY = YES_AGGRESSIVE;
				CLANG_WARN_UNREACHABLE_CODE = YES;
				CLANG_WARN__DUPLICATE_METHOD_MATCH = YES;
				COPY_PHASE_STRIP = NO;
				DEBUG_INFORMATION_FORMAT = dwarf;
				ENABLE_STRICT_OBJC_MSGSEND = YES;
				ENABLE_TESTABILITY = YES;
				ENABLE_USER_SCRIPT_SANDBOXING = YES;
				GCC_C_LANGUAGE_STANDARD = gnu17;
				GCC_DYNAMIC_NO_PIC = NO;
				GCC_NO_COMMON_BLOCKS = YES;
				GCC_OPTIMIZATION_LEVEL = 0;
				GCC_PREPROCESSOR_DEFINITIONS = (
					"DEBUG=1",
					"$(inherited)",
				);
				GCC_WARN_64_TO_32_BIT_CONVERSION = YES;
				GCC_WARN_ABOUT_RETURN_TYPE = YES_ERROR;
				GCC_WARN_UNDECLARED_SELECTOR = YES;
				GCC_WARN_UNINITIALIZED_AUTOS = YES_AGGRESSIVE;
				GCC_WARN_UNUSED_FUNCTION = YES;
				GCC_WARN_UNUSED_VARIABLE = YES;
				IPHONEOS_DEPLOYMENT_TARGET = 17.5;
				LOCALIZATION_PREFERS_STRING_CATALOGS = YES;
				MTL_ENABLE_DEBUG_INFO = INCLUDE_SOURCE;
				MTL_FAST_MATH = YES;
				ONLY_ACTIVE_ARCH = YES;
				SDKROOT = iphoneos;
				SWIFT_ACTIVE_COMPILATION_CONDITIONS = "DEBUG $(inherited)";
				SWIFT_OPTIMIZATION_LEVEL = "-Onone";
			};
			name = Debug;
		};
		4A187EF32C0F06EF00F5C2EE /* Release */ = {
			isa = XCBuildConfiguration;
			baseConfigurationReference = 4A0CAD0C2C193D3500F6EF87 /* Config.xcconfig */;
			buildSettings = {
				ALWAYS_SEARCH_USER_PATHS = NO;
				ASSETCATALOG_COMPILER_GENERATE_SWIFT_ASSET_SYMBOL_EXTENSIONS = YES;
				CLANG_ANALYZER_NONNULL = YES;
				CLANG_ANALYZER_NUMBER_OBJECT_CONVERSION = YES_AGGRESSIVE;
				CLANG_CXX_LANGUAGE_STANDARD = "gnu++20";
				CLANG_ENABLE_MODULES = YES;
				CLANG_ENABLE_OBJC_ARC = YES;
				CLANG_ENABLE_OBJC_WEAK = YES;
				CLANG_WARN_BLOCK_CAPTURE_AUTORELEASING = YES;
				CLANG_WARN_BOOL_CONVERSION = YES;
				CLANG_WARN_COMMA = YES;
				CLANG_WARN_CONSTANT_CONVERSION = YES;
				CLANG_WARN_DEPRECATED_OBJC_IMPLEMENTATIONS = YES;
				CLANG_WARN_DIRECT_OBJC_ISA_USAGE = YES_ERROR;
				CLANG_WARN_DOCUMENTATION_COMMENTS = YES;
				CLANG_WARN_EMPTY_BODY = YES;
				CLANG_WARN_ENUM_CONVERSION = YES;
				CLANG_WARN_INFINITE_RECURSION = YES;
				CLANG_WARN_INT_CONVERSION = YES;
				CLANG_WARN_NON_LITERAL_NULL_CONVERSION = YES;
				CLANG_WARN_OBJC_IMPLICIT_RETAIN_SELF = YES;
				CLANG_WARN_OBJC_LITERAL_CONVERSION = YES;
				CLANG_WARN_OBJC_ROOT_CLASS = YES_ERROR;
				CLANG_WARN_QUOTED_INCLUDE_IN_FRAMEWORK_HEADER = YES;
				CLANG_WARN_RANGE_LOOP_ANALYSIS = YES;
				CLANG_WARN_STRICT_PROTOTYPES = YES;
				CLANG_WARN_SUSPICIOUS_MOVE = YES;
				CLANG_WARN_UNGUARDED_AVAILABILITY = YES_AGGRESSIVE;
				CLANG_WARN_UNREACHABLE_CODE = YES;
				CLANG_WARN__DUPLICATE_METHOD_MATCH = YES;
				COPY_PHASE_STRIP = NO;
				DEBUG_INFORMATION_FORMAT = "dwarf-with-dsym";
				ENABLE_NS_ASSERTIONS = NO;
				ENABLE_STRICT_OBJC_MSGSEND = YES;
				ENABLE_USER_SCRIPT_SANDBOXING = YES;
				GCC_C_LANGUAGE_STANDARD = gnu17;
				GCC_NO_COMMON_BLOCKS = YES;
				GCC_WARN_64_TO_32_BIT_CONVERSION = YES;
				GCC_WARN_ABOUT_RETURN_TYPE = YES_ERROR;
				GCC_WARN_UNDECLARED_SELECTOR = YES;
				GCC_WARN_UNINITIALIZED_AUTOS = YES_AGGRESSIVE;
				GCC_WARN_UNUSED_FUNCTION = YES;
				GCC_WARN_UNUSED_VARIABLE = YES;
				IPHONEOS_DEPLOYMENT_TARGET = 17.5;
				LOCALIZATION_PREFERS_STRING_CATALOGS = YES;
				MTL_ENABLE_DEBUG_INFO = NO;
				MTL_FAST_MATH = YES;
				SDKROOT = iphoneos;
				SWIFT_COMPILATION_MODE = wholemodule;
				VALIDATE_PRODUCT = YES;
			};
			name = Release;
		};
		4A187EF52C0F06EF00F5C2EE /* Debug */ = {
			isa = XCBuildConfiguration;
			baseConfigurationReference = 4A0CAD0C2C193D3500F6EF87 /* Config.xcconfig */;
			buildSettings = {
				ASSETCATALOG_COMPILER_APPICON_NAME = AppIcon;
				ASSETCATALOG_COMPILER_GLOBAL_ACCENT_COLOR_NAME = AccentColor;
				CODE_SIGN_STYLE = Automatic;
				CURRENT_PROJECT_VERSION = 1;
				DEVELOPMENT_TEAM = 2TXBC7N5Q5;
				GENERATE_INFOPLIST_FILE = YES;
				INFOPLIST_FILE = Mokkoji/Info.plist;
				INFOPLIST_KEY_NSLocationAlwaysAndWhenInUseUsageDescription = "위치 정보 앱 사용중 백그라운드에서 허용";
				INFOPLIST_KEY_NSLocationAlwaysUsageDescription = "위치 정보 항상 허용";
				INFOPLIST_KEY_NSLocationWhenInUseUsageDescription = "위치 정보 앱 사용중에만 허용";
				INFOPLIST_KEY_UIApplicationSupportsIndirectInputEvents = YES;
				INFOPLIST_KEY_UILaunchStoryboardName = LaunchScreen;
				INFOPLIST_KEY_UISupportedInterfaceOrientations_iPad = "UIInterfaceOrientationPortrait UIInterfaceOrientationPortraitUpsideDown UIInterfaceOrientationLandscapeLeft UIInterfaceOrientationLandscapeRight";
				INFOPLIST_KEY_UISupportedInterfaceOrientations_iPhone = "UIInterfaceOrientationPortrait UIInterfaceOrientationLandscapeLeft UIInterfaceOrientationLandscapeRight";
				LD_RUNPATH_SEARCH_PATHS = (
					"$(inherited)",
					"@executable_path/Frameworks",
				);
				MARKETING_VERSION = 1.0;
				PRODUCT_BUNDLE_IDENTIFIER = com.mokkoji.Mokkoji;
				PRODUCT_NAME = "$(TARGET_NAME)";
				SWIFT_EMIT_LOC_STRINGS = YES;
				SWIFT_VERSION = 5.0;
				TARGETED_DEVICE_FAMILY = "1,2";
			};
			name = Debug;
		};
		4A187EF62C0F06EF00F5C2EE /* Release */ = {
			isa = XCBuildConfiguration;
			baseConfigurationReference = 4A0CAD0C2C193D3500F6EF87 /* Config.xcconfig */;
			buildSettings = {
				ASSETCATALOG_COMPILER_APPICON_NAME = AppIcon;
				ASSETCATALOG_COMPILER_GLOBAL_ACCENT_COLOR_NAME = AccentColor;
				CODE_SIGN_STYLE = Automatic;
				CURRENT_PROJECT_VERSION = 1;
				DEVELOPMENT_TEAM = 2TXBC7N5Q5;
				GENERATE_INFOPLIST_FILE = YES;
				INFOPLIST_FILE = Mokkoji/Info.plist;
				INFOPLIST_KEY_NSLocationAlwaysAndWhenInUseUsageDescription = "위치 정보 앱 사용중 백그라운드에서 허용";
				INFOPLIST_KEY_NSLocationAlwaysUsageDescription = "위치 정보 항상 허용";
				INFOPLIST_KEY_NSLocationWhenInUseUsageDescription = "위치 정보 앱 사용중에만 허용";
				INFOPLIST_KEY_UIApplicationSupportsIndirectInputEvents = YES;
				INFOPLIST_KEY_UILaunchStoryboardName = LaunchScreen;
				INFOPLIST_KEY_UISupportedInterfaceOrientations_iPad = "UIInterfaceOrientationPortrait UIInterfaceOrientationPortraitUpsideDown UIInterfaceOrientationLandscapeLeft UIInterfaceOrientationLandscapeRight";
				INFOPLIST_KEY_UISupportedInterfaceOrientations_iPhone = "UIInterfaceOrientationPortrait UIInterfaceOrientationLandscapeLeft UIInterfaceOrientationLandscapeRight";
				LD_RUNPATH_SEARCH_PATHS = (
					"$(inherited)",
					"@executable_path/Frameworks",
				);
				MARKETING_VERSION = 1.0;
				PRODUCT_BUNDLE_IDENTIFIER = com.mokkoji.Mokkoji;
				PRODUCT_NAME = "$(TARGET_NAME)";
				SWIFT_EMIT_LOC_STRINGS = YES;
				SWIFT_VERSION = 5.0;
				TARGETED_DEVICE_FAMILY = "1,2";
			};
			name = Release;
		};
/* End XCBuildConfiguration section */

/* Begin XCConfigurationList section */
		4A187EDB2C0F06EE00F5C2EE /* Build configuration list for PBXProject "Mokkoji" */ = {
			isa = XCConfigurationList;
			buildConfigurations = (
				4A187EF22C0F06EF00F5C2EE /* Debug */,
				4A187EF32C0F06EF00F5C2EE /* Release */,
			);
			defaultConfigurationIsVisible = 0;
			defaultConfigurationName = Release;
		};
		4A187EF42C0F06EF00F5C2EE /* Build configuration list for PBXNativeTarget "Mokkoji" */ = {
			isa = XCConfigurationList;
			buildConfigurations = (
				4A187EF52C0F06EF00F5C2EE /* Debug */,
				4A187EF62C0F06EF00F5C2EE /* Release */,
			);
			defaultConfigurationIsVisible = 0;
			defaultConfigurationName = Release;
		};
/* End XCConfigurationList section */

/* Begin XCRemoteSwiftPackageReference section */
		3B605C172C16E3A300D3603C /* XCRemoteSwiftPackageReference "KakaoMapsSDK-SPM" */ = {
			isa = XCRemoteSwiftPackageReference;
			repositoryURL = "https://github.com/kakao-mapsSDK/KakaoMapsSDK-SPM.git";
			requirement = {
				kind = upToNextMajorVersion;
				minimumVersion = 2.10.5;
			};
		};
		4A9CECA82C19432D00E0F029 /* XCRemoteSwiftPackageReference "GoogleSignIn-iOS" */ = {
			isa = XCRemoteSwiftPackageReference;
			repositoryURL = "https://github.com/google/GoogleSignIn-iOS";
			requirement = {
				kind = upToNextMajorVersion;
				minimumVersion = 7.1.0;
			};
		};
		4A9CECAD2C19435400E0F029 /* XCRemoteSwiftPackageReference "firebase-ios-sdk" */ = {
			isa = XCRemoteSwiftPackageReference;
			repositoryURL = "https://github.com/firebase/firebase-ios-sdk";
			requirement = {
				kind = upToNextMajorVersion;
				minimumVersion = 10.27.0;
			};
		};
		4A9CECB42C19435F00E0F029 /* XCRemoteSwiftPackageReference "kakao-ios-sdk" */ = {
			isa = XCRemoteSwiftPackageReference;
			repositoryURL = "https://github.com/kakao/kakao-ios-sdk";
			requirement = {
				kind = upToNextMajorVersion;
				minimumVersion = 2.22.2;
			};
		};
/* End XCRemoteSwiftPackageReference section */

/* Begin XCSwiftPackageProductDependency section */
		3B605C182C16E3A300D3603C /* KakaoMapsSDK-SPM */ = {
			isa = XCSwiftPackageProductDependency;
			package = 3B605C172C16E3A300D3603C /* XCRemoteSwiftPackageReference "KakaoMapsSDK-SPM" */;
			productName = "KakaoMapsSDK-SPM";
		};
		4A9CECA92C19432D00E0F029 /* GoogleSignIn */ = {
			isa = XCSwiftPackageProductDependency;
			package = 4A9CECA82C19432D00E0F029 /* XCRemoteSwiftPackageReference "GoogleSignIn-iOS" */;
			productName = GoogleSignIn;
		};
		4A9CECAB2C19432D00E0F029 /* GoogleSignInSwift */ = {
			isa = XCSwiftPackageProductDependency;
			package = 4A9CECA82C19432D00E0F029 /* XCRemoteSwiftPackageReference "GoogleSignIn-iOS" */;
			productName = GoogleSignInSwift;
		};
		4A9CECAE2C19435400E0F029 /* FirebaseAuth */ = {
			isa = XCSwiftPackageProductDependency;
			package = 4A9CECAD2C19435400E0F029 /* XCRemoteSwiftPackageReference "firebase-ios-sdk" */;
			productName = FirebaseAuth;
		};
		4A9CECB02C19435400E0F029 /* FirebaseFirestore */ = {
			isa = XCSwiftPackageProductDependency;
			package = 4A9CECAD2C19435400E0F029 /* XCRemoteSwiftPackageReference "firebase-ios-sdk" */;
			productName = FirebaseFirestore;
		};
		4A9CECB22C19435400E0F029 /* FirebaseFirestoreSwift */ = {
			isa = XCSwiftPackageProductDependency;
			package = 4A9CECAD2C19435400E0F029 /* XCRemoteSwiftPackageReference "firebase-ios-sdk" */;
			productName = FirebaseFirestoreSwift;
		};
		4A9CECB52C19435F00E0F029 /* KakaoSDK */ = {
			isa = XCSwiftPackageProductDependency;
			package = 4A9CECB42C19435F00E0F029 /* XCRemoteSwiftPackageReference "kakao-ios-sdk" */;
			productName = KakaoSDK;
		};
/* End XCSwiftPackageProductDependency section */
	};
	rootObject = 4A187ED82C0F06EE00F5C2EE /* Project object */;
}
